Microsoft Visual Studio Solution File, Format Version 11.00
# Visual Studio 2008

Project("{B1FC1EC9-1C85-3E63-531D-C6FC695C349D}") = "SuperGameJam", "Assembly-UnityScript.unityproj", "{BE6F1669-CFA5-24CF-2111-21A450D9B7E3}"
EndProject
Global
	GlobalSection(SolutionConfigurationPlatforms) = preSolution
		Debug|Any CPU = Debug|Any CPU
		Release|Any CPU = Release|Any CPU
	EndGlobalSection
	GlobalSection(ProjectConfigurationPlatforms) = postSolution
		{BE6F1669-CFA5-24CF-2111-21A450D9B7E3}.Debug|Any CPU.ActiveCfg = Debug|Any CPU
		{BE6F1669-CFA5-24CF-2111-21A450D9B7E3}.Debug|Any CPU.Build.0 = Debug|Any CPU
		{BE6F1669-CFA5-24CF-2111-21A450D9B7E3}.Release|Any CPU.ActiveCfg = Release|Any CPU
		{BE6F1669-CFA5-24CF-2111-21A450D9B7E3}.Release|Any CPU.Build.0 = Release|Any CPU
	EndGlobalSection
	GlobalSection(SolutionProperties) = preSolution
		HideSolutionNode = FALSE
	EndGlobalSection
	GlobalSection(MonoDevelopProperties) = preSolution
		StartupItem = Assembly-CSharp.csproj
	EndGlobalSection
EndGlobal
